
Microsoft Visual Studio Solution File, Format Version 12.00
# Visual Studio Version 16
VisualStudioVersion = 16.0.30218.91
MinimumVisualStudioVersion = 10.0.40219.1
Project("{FAE04EC0-301F-11D3-BF4B-00C04F79EFBC}") = "UnitTesting-Structures-Patterns", "UnitTesting-Structures-Patterns\UnitTesting-Structures-Patterns.csproj", "{AFCEEB53-3172-402A-A11E-19F05690B0E2}"
EndProject
Project("{FAE04EC0-301F-11D3-BF4B-00C04F79EFBC}") = "UnitTestProject", "UnitTestProject\UnitTestProject.csproj", "{4FE42AC4-A7C5-4DC9-91DE-3F17C2653B7E}"
EndProject
Global
	GlobalSection(SolutionConfigurationPlatforms) = preSolution
		Debug|Any CPU = Debug|Any CPU
		Release|Any CPU = Release|Any CPU
	EndGlobalSection
	GlobalSection(ProjectConfigurationPlatforms) = postSolution
		{AFCEEB53-3172-402A-A11E-19F05690B0E2}.Debug|Any CPU.ActiveCfg = Debug|Any CPU
		{AFCEEB53-3172-402A-A11E-19F05690B0E2}.Debug|Any CPU.Build.0 = Debug|Any CPU
		{AFCEEB53-3172-402A-A11E-19F05690B0E2}.Release|Any CPU.ActiveCfg = Release|Any CPU
		{AFCEEB53-3172-402A-A11E-19F05690B0E2}.Release|Any CPU.Build.0 = Release|Any CPU
		{4FE42AC4-A7C5-4DC9-91DE-3F17C2653B7E}.Debug|Any CPU.ActiveCfg = Debug|Any CPU
		{4FE42AC4-A7C5-4DC9-91DE-3F17C2653B7E}.Debug|Any CPU.Build.0 = Debug|Any CPU
		{4FE42AC4-A7C5-4DC9-91DE-3F17C2653B7E}.Release|Any CPU.ActiveCfg = Release|Any CPU
		{4FE42AC4-A7C5-4DC9-91DE-3F17C2653B7E}.Release|Any CPU.Build.0 = Release|Any CPU
	EndGlobalSection
	GlobalSection(SolutionProperties) = preSolution
		HideSolutionNode = FALSE
	EndGlobalSection
	GlobalSection(ExtensibilityGlobals) = postSolution
		SolutionGuid = {69FB0AB1-875E-4E60-A6C1-D5E70358DFBD}
	EndGlobalSection
EndGlobal
